// !$*UTF8*$!
{
	archiveVersion = 1;
	classes = {
	};
	objectVersion = 56;
	objects = {

/* Begin PBXBuildFile section */
		8D77ABB628FF4E58002E6BC3 /* Just_BlocksApp.swift in Sources */ = {isa = PBXBuildFile; fileRef = 8D77ABB528FF4E58002E6BC3 /* Just_BlocksApp.swift */; };
		8D77ABB828FF4E58002E6BC3 /* GameView.swift in Sources */ = {isa = PBXBuildFile; fileRef = 8D77ABB728FF4E58002E6BC3 /* GameView.swift */; };
		8D77ABBA28FF4E59002E6BC3 /* Assets.xcassets in Resources */ = {isa = PBXBuildFile; fileRef = 8D77ABB928FF4E59002E6BC3 /* Assets.xcassets */; };
		8D77ABBD28FF4E59002E6BC3 /* Preview Assets.xcassets in Resources */ = {isa = PBXBuildFile; fileRef = 8D77ABBC28FF4E59002E6BC3 /* Preview Assets.xcassets */; };
		8D77ABC428FF54B0002E6BC3 /* GameModel.swift in Sources */ = {isa = PBXBuildFile; fileRef = 8D77ABC328FF54B0002E6BC3 /* GameModel.swift */; };
		8DA53E6329D2C6FD000AD766 /* ControlButtonView.swift in Sources */ = {isa = PBXBuildFile; fileRef = 8DA53E6229D2C6FD000AD766 /* ControlButtonView.swift */; };
		8DA53E6529D2C74C000AD766 /* DesignTetrominosView.swift in Sources */ = {isa = PBXBuildFile; fileRef = 8DA53E6429D2C74C000AD766 /* DesignTetrominosView.swift */; };
		8DC039C929056AAF00EB11F9 /* GuideView.swift in Sources */ = {isa = PBXBuildFile; fileRef = 8DC039C829056AAF00EB11F9 /* GuideView.swift */; };
		8DC039CB29056B0300EB11F9 /* theme.swift in Sources */ = {isa = PBXBuildFile; fileRef = 8DC039CA29056B0300EB11F9 /* theme.swift */; };
		8DC039CD29056B5100EB11F9 /* TetrominoView.swift in Sources */ = {isa = PBXBuildFile; fileRef = 8DC039CC29056B5100EB11F9 /* TetrominoView.swift */; };
		8DC039CF2905875700EB11F9 /* MainView.swift in Sources */ = {isa = PBXBuildFile; fileRef = 8DC039CE2905875700EB11F9 /* MainView.swift */; };
		8DC039F5290735C100EB11F9 /* rotate.mp3 in Resources */ = {isa = PBXBuildFile; fileRef = 8DC039EE290735C000EB11F9 /* rotate.mp3 */; };
		8DC039F6290735C100EB11F9 /* game-over.mp3 in Resources */ = {isa = PBXBuildFile; fileRef = 8DC039EF290735C000EB11F9 /* game-over.mp3 */; };
		8DC039F7290735C100EB11F9 /* drop.mp3 in Resources */ = {isa = PBXBuildFile; fileRef = 8DC039F0290735C000EB11F9 /* drop.mp3 */; };
		8DC039F8290735C100EB11F9 /* move.mp3 in Resources */ = {isa = PBXBuildFile; fileRef = 8DC039F1290735C000EB11F9 /* move.mp3 */; };
		8DC039F9290735C100EB11F9 /* clear.mp3 in Resources */ = {isa = PBXBuildFile; fileRef = 8DC039F2290735C000EB11F9 /* clear.mp3 */; };
		8DC039FA290735C100EB11F9 /* level-up.mp3 in Resources */ = {isa = PBXBuildFile; fileRef = 8DC039F3290735C100EB11F9 /* level-up.mp3 */; };
		8DC039FB290735C100EB11F9 /* tetris.mp3 in Resources */ = {isa = PBXBuildFile; fileRef = 8DC039F4290735C100EB11F9 /* tetris.mp3 */; };
		8DC039FD290D53E500EB11F9 /* achievement.mp3 in Resources */ = {isa = PBXBuildFile; fileRef = 8DC039FC290D53E500EB11F9 /* achievement.mp3 */; };
/* End PBXBuildFile section */

/* Begin PBXFileReference section */
		8D77ABB228FF4E58002E6BC3 /* Just Brick.app */ = {isa = PBXFileReference; explicitFileType = wrapper.application; includeInIndex = 0; path = "Just Brick.app"; sourceTree = BUILT_PRODUCTS_DIR; };
		8D77ABB528FF4E58002E6BC3 /* Just_BlocksApp.swift */ = {isa = PBXFileReference; lastKnownFileType = sourcecode.swift; path = Just_BlocksApp.swift; sourceTree = "<group>"; };
		8D77ABB728FF4E58002E6BC3 /* GameView.swift */ = {isa = PBXFileReference; lastKnownFileType = sourcecode.swift; path = GameView.swift; sourceTree = "<group>"; };
		8D77ABB928FF4E59002E6BC3 /* Assets.xcassets */ = {isa = PBXFileReference; lastKnownFileType = folder.assetcatalog; path = Assets.xcassets; sourceTree = "<group>"; };
		8D77ABBC28FF4E59002E6BC3 /* Preview Assets.xcassets */ = {isa = PBXFileReference; lastKnownFileType = folder.assetcatalog; path = "Preview Assets.xcassets"; sourceTree = "<group>"; };
		8D77ABC328FF54B0002E6BC3 /* GameModel.swift */ = {isa = PBXFileReference; lastKnownFileType = sourcecode.swift; path = GameModel.swift; sourceTree = "<group>"; };
		8DA53E6229D2C6FD000AD766 /* ControlButtonView.swift */ = {isa = PBXFileReference; lastKnownFileType = sourcecode.swift; path = ControlButtonView.swift; sourceTree = "<group>"; };
		8DA53E6429D2C74C000AD766 /* DesignTetrominosView.swift */ = {isa = PBXFileReference; lastKnownFileType = sourcecode.swift; path = DesignTetrominosView.swift; sourceTree = "<group>"; };
		8DC039C829056AAF00EB11F9 /* GuideView.swift */ = {isa = PBXFileReference; lastKnownFileType = sourcecode.swift; path = GuideView.swift; sourceTree = "<group>"; };
		8DC039CA29056B0300EB11F9 /* theme.swift */ = {isa = PBXFileReference; lastKnownFileType = sourcecode.swift; path = theme.swift; sourceTree = "<group>"; };
		8DC039CC29056B5100EB11F9 /* TetrominoView.swift */ = {isa = PBXFileReference; lastKnownFileType = sourcecode.swift; path = TetrominoView.swift; sourceTree = "<group>"; };
		8DC039CE2905875700EB11F9 /* MainView.swift */ = {isa = PBXFileReference; lastKnownFileType = sourcecode.swift; path = MainView.swift; sourceTree = "<group>"; };
		8DC039EE290735C000EB11F9 /* rotate.mp3 */ = {isa = PBXFileReference; lastKnownFileType = audio.mp3; path = rotate.mp3; sourceTree = "<group>"; };
		8DC039EF290735C000EB11F9 /* game-over.mp3 */ = {isa = PBXFileReference; lastKnownFileType = audio.mp3; path = "game-over.mp3"; sourceTree = "<group>"; };
		8DC039F0290735C000EB11F9 /* drop.mp3 */ = {isa = PBXFileReference; lastKnownFileType = audio.mp3; path = drop.mp3; sourceTree = "<group>"; };
		8DC039F1290735C000EB11F9 /* move.mp3 */ = {isa = PBXFileReference; lastKnownFileType = audio.mp3; path = move.mp3; sourceTree = "<group>"; };
		8DC039F2290735C000EB11F9 /* clear.mp3 */ = {isa = PBXFileReference; lastKnownFileType = audio.mp3; path = clear.mp3; sourceTree = "<group>"; };
		8DC039F3290735C100EB11F9 /* level-up.mp3 */ = {isa = PBXFileReference; lastKnownFileType = audio.mp3; path = "level-up.mp3"; sourceTree = "<group>"; };
		8DC039F4290735C100EB11F9 /* tetris.mp3 */ = {isa = PBXFileReference; lastKnownFileType = audio.mp3; path = tetris.mp3; sourceTree = "<group>"; };
		8DC039FC290D53E500EB11F9 /* achievement.mp3 */ = {isa = PBXFileReference; lastKnownFileType = audio.mp3; path = achievement.mp3; sourceTree = "<group>"; };
/* End PBXFileReference section */

/* Begin PBXFrameworksBuildPhase section */
		8D77ABAF28FF4E58002E6BC3 /* Frameworks */ = {
			isa = PBXFrameworksBuildPhase;
			buildActionMask = 2147483647;
			files = (
			);
			runOnlyForDeploymentPostprocessing = 0;
		};
/* End PBXFrameworksBuildPhase section */

/* Begin PBXGroup section */
		8D77ABA928FF4E58002E6BC3 = {
			isa = PBXGroup;
			children = (
				8D77ABB428FF4E58002E6BC3 /* Just Blocks */,
				8D77ABB328FF4E58002E6BC3 /* Products */,
			);
			sourceTree = "<group>";
		};
		8D77ABB328FF4E58002E6BC3 /* Products */ = {
			isa = PBXGroup;
			children = (
				8D77ABB228FF4E58002E6BC3 /* Just Brick.app */,
			);
			name = Products;
			sourceTree = "<group>";
		};
		8D77ABB428FF4E58002E6BC3 /* Just Blocks */ = {
			isa = PBXGroup;
			children = (
				8DC039D0290727AF00EB11F9 /* Sounds */,
				8D77ABB528FF4E58002E6BC3 /* Just_BlocksApp.swift */,
				8D77ABB728FF4E58002E6BC3 /* GameView.swift */,
				8D77ABB928FF4E59002E6BC3 /* Assets.xcassets */,
				8D77ABBB28FF4E59002E6BC3 /* Preview Content */,
				8D77ABC328FF54B0002E6BC3 /* GameModel.swift */,
				8DC039C829056AAF00EB11F9 /* GuideView.swift */,
				8DC039CA29056B0300EB11F9 /* theme.swift */,
				8DC039CC29056B5100EB11F9 /* TetrominoView.swift */,
				8DC039CE2905875700EB11F9 /* MainView.swift */,
				8DA53E6229D2C6FD000AD766 /* ControlButtonView.swift */,
				8DA53E6429D2C74C000AD766 /* DesignTetrominosView.swift */,
			);
			path = "Just Blocks";
			sourceTree = "<group>";
		};
		8D77ABBB28FF4E59002E6BC3 /* Preview Content */ = {
			isa = PBXGroup;
			children = (
				8D77ABBC28FF4E59002E6BC3 /* Preview Assets.xcassets */,
			);
			path = "Preview Content";
			sourceTree = "<group>";
		};
		8DC039D0290727AF00EB11F9 /* Sounds */ = {
			isa = PBXGroup;
			children = (
				8DC039FC290D53E500EB11F9 /* achievement.mp3 */,
				8DC039F2290735C000EB11F9 /* clear.mp3 */,
				8DC039F0290735C000EB11F9 /* drop.mp3 */,
				8DC039EF290735C000EB11F9 /* game-over.mp3 */,
				8DC039F3290735C100EB11F9 /* level-up.mp3 */,
				8DC039F1290735C000EB11F9 /* move.mp3 */,
				8DC039EE290735C000EB11F9 /* rotate.mp3 */,
				8DC039F4290735C100EB11F9 /* tetris.mp3 */,
			);
			path = Sounds;
			sourceTree = "<group>";
		};
/* End PBXGroup section */

/* Begin PBXNativeTarget section */
		8D77ABB128FF4E58002E6BC3 /* Just Brick */ = {
			isa = PBXNativeTarget;
			buildConfigurationList = 8D77ABC028FF4E59002E6BC3 /* Build configuration list for PBXNativeTarget "Just Brick" */;
			buildPhases = (
				8D77ABAE28FF4E58002E6BC3 /* Sources */,
				8D77ABAF28FF4E58002E6BC3 /* Frameworks */,
				8D77ABB028FF4E58002E6BC3 /* Resources */,
			);
			buildRules = (
			);
			dependencies = (
			);
			name = "Just Brick";
			productName = "Just Blocks";
			productReference = 8D77ABB228FF4E58002E6BC3 /* Just Brick.app */;
			productType = "com.apple.product-type.application";
		};
/* End PBXNativeTarget section */

/* Begin PBXProject section */
		8D77ABAA28FF4E58002E6BC3 /* Project object */ = {
			isa = PBXProject;
			attributes = {
				BuildIndependentTargetsInParallel = 1;
				LastSwiftUpdateCheck = 1400;
				LastUpgradeCheck = 1400;
				TargetAttributes = {
					8D77ABB128FF4E58002E6BC3 = {
						CreatedOnToolsVersion = 14.0.1;
					};
				};
			};
			buildConfigurationList = 8D77ABAD28FF4E58002E6BC3 /* Build configuration list for PBXProject "Just Brick" */;
			compatibilityVersion = "Xcode 14.0";
			developmentRegion = en;
			hasScannedForEncodings = 0;
			knownRegions = (
				en,
				Base,
			);
			mainGroup = 8D77ABA928FF4E58002E6BC3;
			productRefGroup = 8D77ABB328FF4E58002E6BC3 /* Products */;
			projectDirPath = "";
			projectRoot = "";
			targets = (
				8D77ABB128FF4E58002E6BC3 /* Just Brick */,
			);
		};
/* End PBXProject section */

/* Begin PBXResourcesBuildPhase section */
		8D77ABB028FF4E58002E6BC3 /* Resources */ = {
			isa = PBXResourcesBuildPhase;
			buildActionMask = 2147483647;
			files = (
				8D77ABBD28FF4E59002E6BC3 /* Preview Assets.xcassets in Resources */,
				8DC039F7290735C100EB11F9 /* drop.mp3 in Resources */,
				8D77ABBA28FF4E59002E6BC3 /* Assets.xcassets in Resources */,
				8DC039F6290735C100EB11F9 /* game-over.mp3 in Resources */,
				8DC039FA290735C100EB11F9 /* level-up.mp3 in Resources */,
				8DC039F5290735C100EB11F9 /* rotate.mp3 in Resources */,
				8DC039F8290735C100EB11F9 /* move.mp3 in Resources */,
				8DC039FB290735C100EB11F9 /* tetris.mp3 in Resources */,
				8DC039FD290D53E500EB11F9 /* achievement.mp3 in Resources */,
				8DC039F9290735C100EB11F9 /* clear.mp3 in Resources */,
			);
			runOnlyForDeploymentPostprocessing = 0;
		};
/* End PBXResourcesBuildPhase section */

/* Begin PBXSourcesBuildPhase section */
		8D77ABAE28FF4E58002E6BC3 /* Sources */ = {
			isa = PBXSourcesBuildPhase;
			buildActionMask = 2147483647;
			files = (
				8DA53E6529D2C74C000AD766 /* DesignTetrominosView.swift in Sources */,
				8DC039CD29056B5100EB11F9 /* TetrominoView.swift in Sources */,
				8DC039CF2905875700EB11F9 /* MainView.swift in Sources */,
				8DA53E6329D2C6FD000AD766 /* ControlButtonView.swift in Sources */,
				8D77ABB828FF4E58002E6BC3 /* GameView.swift in Sources */,
				8D77ABB628FF4E58002E6BC3 /* Just_BlocksApp.swift in Sources */,
				8DC039CB29056B0300EB11F9 /* theme.swift in Sources */,
				8D77ABC428FF54B0002E6BC3 /* GameModel.swift in Sources */,
				8DC039C929056AAF00EB11F9 /* GuideView.swift in Sources */,
			);
			runOnlyForDeploymentPostprocessing = 0;
		};
/* End PBXSourcesBuildPhase section */

/* Begin XCBuildConfiguration section */
		8D77ABBE28FF4E59002E6BC3 /* Debug */ = {
			isa = XCBuildConfiguration;
			buildSettings = {
				ALWAYS_SEARCH_USER_PATHS = NO;
				CLANG_ANALYZER_NONNULL = YES;
				CLANG_ANALYZER_NUMBER_OBJECT_CONVERSION = YES_AGGRESSIVE;
				CLANG_CXX_LANGUAGE_STANDARD = "gnu++20";
				CLANG_ENABLE_MODULES = YES;
				CLANG_ENABLE_OBJC_ARC = YES;
				CLANG_ENABLE_OBJC_WEAK = YES;
				CLANG_WARN_BLOCK_CAPTURE_AUTORELEASING = YES;
				CLANG_WARN_BOOL_CONVERSION = YES;
				CLANG_WARN_COMMA = YES;
				CLANG_WARN_CONSTANT_CONVERSION = YES;
				CLANG_WARN_DEPRECATED_OBJC_IMPLEMENTATIONS = YES;
				CLANG_WARN_DIRECT_OBJC_ISA_USAGE = YES_ERROR;
				CLANG_WARN_DOCUMENTATION_COMMENTS = YES;
				CLANG_WARN_EMPTY_BODY = YES;
				CLANG_WARN_ENUM_CONVERSION = YES;
				CLANG_WARN_INFINITE_RECURSION = YES;
				CLANG_WARN_INT_CONVERSION = YES;
				CLANG_WARN_NON_LITERAL_NULL_CONVERSION = YES;
				CLANG_WARN_OBJC_IMPLICIT_RETAIN_SELF = YES;
				CLANG_WARN_OBJC_LITERAL_CONVERSION = YES;
				CLANG_WARN_OBJC_ROOT_CLASS = YES_ERROR;
				CLANG_WARN_QUOTED_INCLUDE_IN_FRAMEWORK_HEADER = YES;
				CLANG_WARN_RANGE_LOOP_ANALYSIS = YES;
				CLANG_WARN_STRICT_PROTOTYPES = YES;
				CLANG_WARN_SUSPICIOUS_MOVE = YES;
				CLANG_WARN_UNGUARDED_AVAILABILITY = YES_AGGRESSIVE;
				CLANG_WARN_UNREACHABLE_CODE = YES;
				CLANG_WARN__DUPLICATE_METHOD_MATCH = YES;
				COPY_PHASE_STRIP = NO;
				DEBUG_INFORMATION_FORMAT = dwarf;
				ENABLE_STRICT_OBJC_MSGSEND = YES;
				ENABLE_TESTABILITY = YES;
				GCC_C_LANGUAGE_STANDARD = gnu11;
				GCC_DYNAMIC_NO_PIC = NO;
				GCC_NO_COMMON_BLOCKS = YES;
				GCC_OPTIMIZATION_LEVEL = 0;
				GCC_PREPROCESSOR_DEFINITIONS = (
					"DEBUG=1",
					"$(inherited)",
				);
				GCC_WARN_64_TO_32_BIT_CONVERSION = YES;
				GCC_WARN_ABOUT_RETURN_TYPE = YES_ERROR;
				GCC_WARN_UNDECLARED_SELECTOR = YES;
				GCC_WARN_UNINITIALIZED_AUTOS = YES_AGGRESSIVE;
				GCC_WARN_UNUSED_FUNCTION = YES;
				GCC_WARN_UNUSED_VARIABLE = YES;
				IPHONEOS_DEPLOYMENT_TARGET = 15.0;
				MTL_ENABLE_DEBUG_INFO = INCLUDE_SOURCE;
				MTL_FAST_MATH = YES;
				ONLY_ACTIVE_ARCH = YES;
				SDKROOT = iphoneos;
				SWIFT_ACTIVE_COMPILATION_CONDITIONS = DEBUG;
				SWIFT_OPTIMIZATION_LEVEL = "-Onone";
			};
			name = Debug;
		};
		8D77ABBF28FF4E59002E6BC3 /* Release */ = {
			isa = XCBuildConfiguration;
			buildSettings = {
				ALWAYS_SEARCH_USER_PATHS = NO;
				CLANG_ANALYZER_NONNULL = YES;
				CLANG_ANALYZER_NUMBER_OBJECT_CONVERSION = YES_AGGRESSIVE;
				CLANG_CXX_LANGUAGE_STANDARD = "gnu++20";
				CLANG_ENABLE_MODULES = YES;
				CLANG_ENABLE_OBJC_ARC = YES;
				CLANG_ENABLE_OBJC_WEAK = YES;
				CLANG_WARN_BLOCK_CAPTURE_AUTORELEASING = YES;
				CLANG_WARN_BOOL_CONVERSION = YES;
				CLANG_WARN_COMMA = YES;
				CLANG_WARN_CONSTANT_CONVERSION = YES;
				CLANG_WARN_DEPRECATED_OBJC_IMPLEMENTATIONS = YES;
				CLANG_WARN_DIRECT_OBJC_ISA_USAGE = YES_ERROR;
				CLANG_WARN_DOCUMENTATION_COMMENTS = YES;
				CLANG_WARN_EMPTY_BODY = YES;
				CLANG_WARN_ENUM_CONVERSION = YES;
				CLANG_WARN_INFINITE_RECURSION = YES;
				CLANG_WARN_INT_CONVERSION = YES;
				CLANG_WARN_NON_LITERAL_NULL_CONVERSION = YES;
				CLANG_WARN_OBJC_IMPLICIT_RETAIN_SELF = YES;
				CLANG_WARN_OBJC_LITERAL_CONVERSION = YES;
				CLANG_WARN_OBJC_ROOT_CLASS = YES_ERROR;
				CLANG_WARN_QUOTED_INCLUDE_IN_FRAMEWORK_HEADER = YES;
				CLANG_WARN_RANGE_LOOP_ANALYSIS = YES;
				CLANG_WARN_STRICT_PROTOTYPES = YES;
				CLANG_WARN_SUSPICIOUS_MOVE = YES;
				CLANG_WARN_UNGUARDED_AVAILABILITY = YES_AGGRESSIVE;
				CLANG_WARN_UNREACHABLE_CODE = YES;
				CLANG_WARN__DUPLICATE_METHOD_MATCH = YES;
				COPY_PHASE_STRIP = NO;
				DEBUG_INFORMATION_FORMAT = "dwarf-with-dsym";
				ENABLE_NS_ASSERTIONS = NO;
				ENABLE_STRICT_OBJC_MSGSEND = YES;
				GCC_C_LANGUAGE_STANDARD = gnu11;
				GCC_NO_COMMON_BLOCKS = YES;
				GCC_WARN_64_TO_32_BIT_CONVERSION = YES;
				GCC_WARN_ABOUT_RETURN_TYPE = YES_ERROR;
				GCC_WARN_UNDECLARED_SELECTOR = YES;
				GCC_WARN_UNINITIALIZED_AUTOS = YES_AGGRESSIVE;
				GCC_WARN_UNUSED_FUNCTION = YES;
				GCC_WARN_UNUSED_VARIABLE = YES;
				IPHONEOS_DEPLOYMENT_TARGET = 15.0;
				MTL_ENABLE_DEBUG_INFO = NO;
				MTL_FAST_MATH = YES;
				SDKROOT = iphoneos;
				SWIFT_COMPILATION_MODE = wholemodule;
				SWIFT_OPTIMIZATION_LEVEL = "-O";
				VALIDATE_PRODUCT = YES;
			};
			name = Release;
		};
		8D77ABC128FF4E59002E6BC3 /* Debug */ = {
			isa = XCBuildConfiguration;
			buildSettings = {
				ASSETCATALOG_COMPILER_APPICON_NAME = AppIcon;
				ASSETCATALOG_COMPILER_GLOBAL_ACCENT_COLOR_NAME = AccentColor;
				CODE_SIGN_STYLE = Automatic;
				CURRENT_PROJECT_VERSION = 19;
				DEVELOPMENT_ASSET_PATHS = "\"Just Blocks/Preview Content\"";
				DEVELOPMENT_TEAM = 7CCNV27PZD;
				ENABLE_PREVIEWS = YES;
				GENERATE_INFOPLIST_FILE = YES;
				INFOPLIST_KEY_LSApplicationCategoryType = "public.app-category.arcade-games";
				INFOPLIST_KEY_UIApplicationSceneManifest_Generation = YES;
				INFOPLIST_KEY_UIApplicationSupportsIndirectInputEvents = YES;
				INFOPLIST_KEY_UILaunchScreen_Generation = YES;
				INFOPLIST_KEY_UIRequiresFullScreen = YES;
				INFOPLIST_KEY_UIStatusBarStyle = "";
				INFOPLIST_KEY_UISupportedInterfaceOrientations = "UIInterfaceOrientationPortrait UIInterfaceOrientationPortraitUpsideDown";
				LD_RUNPATH_SEARCH_PATHS = (
					"$(inherited)",
					"@executable_path/Frameworks",
				);
				MARKETING_VERSION = 1.0.18;
				PRODUCT_BUNDLE_IDENTIFIER = "sergeiterehov.Just-Blocks";
				PRODUCT_NAME = "$(TARGET_NAME)";
				SUPPORTED_PLATFORMS = "iphoneos iphonesimulator";
				SUPPORTS_MACCATALYST = NO;
				SUPPORTS_MAC_DESIGNED_FOR_IPHONE_IPAD = NO;
				SWIFT_EMIT_LOC_STRINGS = YES;
				SWIFT_VERSION = 5.0;
				TARGETED_DEVICE_FAMILY = "1,2";
			};
			name = Debug;
		};
		8D77ABC228FF4E59002E6BC3 /* Release */ = {
			isa = XCBuildConfiguration;
			buildSettings = {
				ASSETCATALOG_COMPILER_APPICON_NAME = AppIcon;
				ASSETCATALOG_COMPILER_GLOBAL_ACCENT_COLOR_NAME = AccentColor;
				CODE_SIGN_STYLE = Automatic;
				CURRENT_PROJECT_VERSION = 19;
				DEVELOPMENT_ASSET_PATHS = "\"Just Blocks/Preview Content\"";
				DEVELOPMENT_TEAM = 7CCNV27PZD;
				ENABLE_PREVIEWS = YES;
				GENERATE_INFOPLIST_FILE = YES;
				INFOPLIST_KEY_LSApplicationCategoryType = "public.app-category.arcade-games";
				INFOPLIST_KEY_UIApplicationSceneManifest_Generation = YES;
				INFOPLIST_KEY_UIApplicationSupportsIndirectInputEvents = YES;
				INFOPLIST_KEY_UILaunchScreen_Generation = YES;
				INFOPLIST_KEY_UIRequiresFullScreen = YES;
				INFOPLIST_KEY_UIStatusBarStyle = "";
				INFOPLIST_KEY_UISupportedInterfaceOrientations = "UIInterfaceOrientationPortrait UIInterfaceOrientationPortraitUpsideDown";
				LD_RUNPATH_SEARCH_PATHS = (
					"$(inherited)",
					"@executable_path/Frameworks",
				);
				MARKETING_VERSION = 1.0.18;
				PRODUCT_BUNDLE_IDENTIFIER = "sergeiterehov.Just-Blocks";
				PRODUCT_NAME = "$(TARGET_NAME)";
				SUPPORTED_PLATFORMS = "iphoneos iphonesimulator";
				SUPPORTS_MACCATALYST = NO;
				SUPPORTS_MAC_DESIGNED_FOR_IPHONE_IPAD = NO;
				SWIFT_EMIT_LOC_STRINGS = YES;
				SWIFT_VERSION = 5.0;
				TARGETED_DEVICE_FAMILY = "1,2";
			};
			name = Release;
		};
/* End XCBuildConfiguration section */

/* Begin XCConfigurationList section */
		8D77ABAD28FF4E58002E6BC3 /* Build configuration list for PBXProject "Just Brick" */ = {
			isa = XCConfigurationList;
			buildConfigurations = (
				8D77ABBE28FF4E59002E6BC3 /* Debug */,
				8D77ABBF28FF4E59002E6BC3 /* Release */,
			);
			defaultConfigurationIsVisible = 0;
			defaultConfigurationName = Release;
		};
		8D77ABC028FF4E59002E6BC3 /* Build configuration list for PBXNativeTarget "Just Brick" */ = {
			isa = XCConfigurationList;
			buildConfigurations = (
				8D77ABC128FF4E59002E6BC3 /* Debug */,
				8D77ABC228FF4E59002E6BC3 /* Release */,
			);
			defaultConfigurationIsVisible = 0;
			defaultConfigurationName = Release;
		};
/* End XCConfigurationList section */
	};
	rootObject = 8D77ABAA28FF4E58002E6BC3 /* Project object */;
}
